
Microsoft Visual Studio Solution File, Format Version 12.00
# Visual Studio Version 17
VisualStudioVersion = 17.5.33103.201
MinimumVisualStudioVersion = 10.0.40219.1
Project("{9A19103F-16F7-4668-BE54-9A1E7A4F7556}") = "Catalog.API", "Services\Catalog\Catalog.API\Catalog.API.csproj", "{5FFC3BA4-F65B-4693-8CB4-95D4F45FC6F2}"
EndProject
Project("{2150E333-8FDC-42A3-9474-1A3956D46DE8}") = "Catalog", "Catalog", "{1BC2169B-AA64-467D-BDA6-60E1FBC3AB31}"
EndProject
Project("{2150E333-8FDC-42A3-9474-1A3956D46DE8}") = "Services", "Services", "{D5AD1B8A-A38E-48C9-A62A-CE39AE79A57D}"
EndProject
Project("{E53339B2-1760-4266-BCC7-CA923CBCF16C}") = "docker-compose", "docker-compose.dcproj", "{DB135AFB-EBEA-47EE-9101-292DF9799544}"
EndProject
Project("{2150E333-8FDC-42A3-9474-1A3956D46DE8}") = "Basket", "Basket", "{D9C01D3B-CFDA-410F-8465-7C9E92116A0D}"
EndProject
Project("{9A19103F-16F7-4668-BE54-9A1E7A4F7556}") = "Basket.API", "Services\Basket\Basket.API\Basket.API.csproj", "{BF5F6D6B-4A83-458A-AD6F-39AC41381F98}"
EndProject
Project("{2150E333-8FDC-42A3-9474-1A3956D46DE8}") = "Discount", "Discount", "{907F15CB-F2BE-4E31-B3CD-E34B73E3E2C5}"
EndProject
Project("{9A19103F-16F7-4668-BE54-9A1E7A4F7556}") = "Discount.API", "Services\Discount\Discount.API\Discount.API.csproj", "{EB637B4E-94D9-4D85-A8C2-694C4E1FDE84}"
EndProject
Project("{9A19103F-16F7-4668-BE54-9A1E7A4F7556}") = "Discount.Grpc", "Services\Discount\Discount.Grpc\Discount.Grpc.csproj", "{4C11B8A7-A97F-4A12-AFF1-E6C7E2D6A1BA}"
EndProject
Project("{2150E333-8FDC-42A3-9474-1A3956D46DE8}") = "Common", "Common", "{122A7A92-1C38-4C5E-B526-7AD5FBD7F88D}"
EndProject
Project("{9A19103F-16F7-4668-BE54-9A1E7A4F7556}") = "GrpcDependencies", "Services\Common\GrpcDependencies\GrpcDependencies.csproj", "{BC008701-03E6-4026-B108-81B8AC6915A9}"
EndProject
Project("{2150E333-8FDC-42A3-9474-1A3956D46DE8}") = "Ordering", "Ordering", "{433C1DC5-A93D-47B2-8868-0714D39AB17E}"
EndProject
Project("{9A19103F-16F7-4668-BE54-9A1E7A4F7556}") = "Ordering.API", "Services\Ordering\Ordering.API\Ordering.API.csproj", "{B1BBDD47-2985-4980-A988-11FF16651F84}"
EndProject
Project("{9A19103F-16F7-4668-BE54-9A1E7A4F7556}") = "Ordering.Domain", "Services\Ordering\Ordering.Domain\Ordering.Domain.csproj", "{14EE865E-090F-4287-AA79-4A8574240274}"
EndProject
Project("{9A19103F-16F7-4668-BE54-9A1E7A4F7556}") = "Ordering.Application", "Services\Ordering\Ordering.Application\Ordering.Application.csproj", "{DADF30EF-6CF8-4C54-AC15-171EC5E191F8}"
EndProject
Project("{9A19103F-16F7-4668-BE54-9A1E7A4F7556}") = "Ordering.Infrastructure", "Services\Ordering\Ordering.Infrastructure\Ordering.Infrastructure.csproj", "{41C7DA7E-09EB-4902-BA99-18C254EFFCC2}"
EndProject
Project("{FAE04EC0-301F-11D3-BF4B-00C04F79EFBC}") = "Shop.Services.Common.EventBus.Messages", "Services\Common\Shop.Services.Common.EventBus.Messages\Shop.Services.Common.EventBus.Messages.csproj", "{FBC2223B-2F2C-4C31-B146-14DFEEDF8641}"
EndProject
Project("{2150E333-8FDC-42A3-9474-1A3956D46DE8}") = "ApiGateways", "ApiGateways", "{870FA397-1B99-4E6A-86C4-D4B2B003B027}"
EndProject
Project("{FAE04EC0-301F-11D3-BF4B-00C04F79EFBC}") = "Ocelot.ApiGateways", "ApiGateways\Ocelot.ApiGateways\Ocelot.ApiGateways.csproj", "{CC791E2B-09E3-40FA-BF51-1A6D2A5B548D}"
EndProject
Global
	GlobalSection(SolutionConfigurationPlatforms) = preSolution
		Debug|Any CPU = Debug|Any CPU
		Release|Any CPU = Release|Any CPU
	EndGlobalSection
	GlobalSection(ProjectConfigurationPlatforms) = postSolution
		{5FFC3BA4-F65B-4693-8CB4-95D4F45FC6F2}.Debug|Any CPU.ActiveCfg = Debug|Any CPU
		{5FFC3BA4-F65B-4693-8CB4-95D4F45FC6F2}.Debug|Any CPU.Build.0 = Debug|Any CPU
		{5FFC3BA4-F65B-4693-8CB4-95D4F45FC6F2}.Release|Any CPU.ActiveCfg = Release|Any CPU
		{5FFC3BA4-F65B-4693-8CB4-95D4F45FC6F2}.Release|Any CPU.Build.0 = Release|Any CPU
		{DB135AFB-EBEA-47EE-9101-292DF9799544}.Debug|Any CPU.ActiveCfg = Debug|Any CPU
		{DB135AFB-EBEA-47EE-9101-292DF9799544}.Debug|Any CPU.Build.0 = Debug|Any CPU
		{DB135AFB-EBEA-47EE-9101-292DF9799544}.Release|Any CPU.ActiveCfg = Release|Any CPU
		{DB135AFB-EBEA-47EE-9101-292DF9799544}.Release|Any CPU.Build.0 = Release|Any CPU
		{BF5F6D6B-4A83-458A-AD6F-39AC41381F98}.Debug|Any CPU.ActiveCfg = Debug|Any CPU
		{BF5F6D6B-4A83-458A-AD6F-39AC41381F98}.Debug|Any CPU.Build.0 = Debug|Any CPU
		{BF5F6D6B-4A83-458A-AD6F-39AC41381F98}.Release|Any CPU.ActiveCfg = Release|Any CPU
		{BF5F6D6B-4A83-458A-AD6F-39AC41381F98}.Release|Any CPU.Build.0 = Release|Any CPU
		{EB637B4E-94D9-4D85-A8C2-694C4E1FDE84}.Debug|Any CPU.ActiveCfg = Debug|Any CPU
		{EB637B4E-94D9-4D85-A8C2-694C4E1FDE84}.Debug|Any CPU.Build.0 = Debug|Any CPU
		{EB637B4E-94D9-4D85-A8C2-694C4E1FDE84}.Release|Any CPU.ActiveCfg = Release|Any CPU
		{EB637B4E-94D9-4D85-A8C2-694C4E1FDE84}.Release|Any CPU.Build.0 = Release|Any CPU
		{4C11B8A7-A97F-4A12-AFF1-E6C7E2D6A1BA}.Debug|Any CPU.ActiveCfg = Debug|Any CPU
		{4C11B8A7-A97F-4A12-AFF1-E6C7E2D6A1BA}.Debug|Any CPU.Build.0 = Debug|Any CPU
		{4C11B8A7-A97F-4A12-AFF1-E6C7E2D6A1BA}.Release|Any CPU.ActiveCfg = Release|Any CPU
		{4C11B8A7-A97F-4A12-AFF1-E6C7E2D6A1BA}.Release|Any CPU.Build.0 = Release|Any CPU
		{BC008701-03E6-4026-B108-81B8AC6915A9}.Debug|Any CPU.ActiveCfg = Debug|Any CPU
		{BC008701-03E6-4026-B108-81B8AC6915A9}.Debug|Any CPU.Build.0 = Debug|Any CPU
		{BC008701-03E6-4026-B108-81B8AC6915A9}.Release|Any CPU.ActiveCfg = Release|Any CPU
		{BC008701-03E6-4026-B108-81B8AC6915A9}.Release|Any CPU.Build.0 = Release|Any CPU
		{B1BBDD47-2985-4980-A988-11FF16651F84}.Debug|Any CPU.ActiveCfg = Debug|Any CPU
		{B1BBDD47-2985-4980-A988-11FF16651F84}.Debug|Any CPU.Build.0 = Debug|Any CPU
		{B1BBDD47-2985-4980-A988-11FF16651F84}.Release|Any CPU.ActiveCfg = Release|Any CPU
		{B1BBDD47-2985-4980-A988-11FF16651F84}.Release|Any CPU.Build.0 = Release|Any CPU
		{14EE865E-090F-4287-AA79-4A8574240274}.Debug|Any CPU.ActiveCfg = Debug|Any CPU
		{14EE865E-090F-4287-AA79-4A8574240274}.Debug|Any CPU.Build.0 = Debug|Any CPU
		{14EE865E-090F-4287-AA79-4A8574240274}.Release|Any CPU.ActiveCfg = Release|Any CPU
		{14EE865E-090F-4287-AA79-4A8574240274}.Release|Any CPU.Build.0 = Release|Any CPU
		{DADF30EF-6CF8-4C54-AC15-171EC5E191F8}.Debug|Any CPU.ActiveCfg = Debug|Any CPU
		{DADF30EF-6CF8-4C54-AC15-171EC5E191F8}.Debug|Any CPU.Build.0 = Debug|Any CPU
		{DADF30EF-6CF8-4C54-AC15-171EC5E191F8}.Release|Any CPU.ActiveCfg = Release|Any CPU
		{DADF30EF-6CF8-4C54-AC15-171EC5E191F8}.Release|Any CPU.Build.0 = Release|Any CPU
		{41C7DA7E-09EB-4902-BA99-18C254EFFCC2}.Debug|Any CPU.ActiveCfg = Debug|Any CPU
		{41C7DA7E-09EB-4902-BA99-18C254EFFCC2}.Debug|Any CPU.Build.0 = Debug|Any CPU
		{41C7DA7E-09EB-4902-BA99-18C254EFFCC2}.Release|Any CPU.ActiveCfg = Release|Any CPU
		{41C7DA7E-09EB-4902-BA99-18C254EFFCC2}.Release|Any CPU.Build.0 = Release|Any CPU
		{FBC2223B-2F2C-4C31-B146-14DFEEDF8641}.Debug|Any CPU.ActiveCfg = Debug|Any CPU
		{FBC2223B-2F2C-4C31-B146-14DFEEDF8641}.Debug|Any CPU.Build.0 = Debug|Any CPU
		{FBC2223B-2F2C-4C31-B146-14DFEEDF8641}.Release|Any CPU.ActiveCfg = Release|Any CPU
		{FBC2223B-2F2C-4C31-B146-14DFEEDF8641}.Release|Any CPU.Build.0 = Release|Any CPU
		{CC791E2B-09E3-40FA-BF51-1A6D2A5B548D}.Debug|Any CPU.ActiveCfg = Debug|Any CPU
		{CC791E2B-09E3-40FA-BF51-1A6D2A5B548D}.Debug|Any CPU.Build.0 = Debug|Any CPU
		{CC791E2B-09E3-40FA-BF51-1A6D2A5B548D}.Release|Any CPU.ActiveCfg = Release|Any CPU
		{CC791E2B-09E3-40FA-BF51-1A6D2A5B548D}.Release|Any CPU.Build.0 = Release|Any CPU
	EndGlobalSection
	GlobalSection(SolutionProperties) = preSolution
		HideSolutionNode = FALSE
	EndGlobalSection
	GlobalSection(NestedProjects) = preSolution
		{5FFC3BA4-F65B-4693-8CB4-95D4F45FC6F2} = {1BC2169B-AA64-467D-BDA6-60E1FBC3AB31}
		{1BC2169B-AA64-467D-BDA6-60E1FBC3AB31} = {D5AD1B8A-A38E-48C9-A62A-CE39AE79A57D}
		{D9C01D3B-CFDA-410F-8465-7C9E92116A0D} = {D5AD1B8A-A38E-48C9-A62A-CE39AE79A57D}
		{BF5F6D6B-4A83-458A-AD6F-39AC41381F98} = {D9C01D3B-CFDA-410F-8465-7C9E92116A0D}
		{907F15CB-F2BE-4E31-B3CD-E34B73E3E2C5} = {D5AD1B8A-A38E-48C9-A62A-CE39AE79A57D}
		{EB637B4E-94D9-4D85-A8C2-694C4E1FDE84} = {907F15CB-F2BE-4E31-B3CD-E34B73E3E2C5}
		{4C11B8A7-A97F-4A12-AFF1-E6C7E2D6A1BA} = {907F15CB-F2BE-4E31-B3CD-E34B73E3E2C5}
		{122A7A92-1C38-4C5E-B526-7AD5FBD7F88D} = {D5AD1B8A-A38E-48C9-A62A-CE39AE79A57D}
		{BC008701-03E6-4026-B108-81B8AC6915A9} = {122A7A92-1C38-4C5E-B526-7AD5FBD7F88D}
		{433C1DC5-A93D-47B2-8868-0714D39AB17E} = {D5AD1B8A-A38E-48C9-A62A-CE39AE79A57D}
		{B1BBDD47-2985-4980-A988-11FF16651F84} = {433C1DC5-A93D-47B2-8868-0714D39AB17E}
		{14EE865E-090F-4287-AA79-4A8574240274} = {433C1DC5-A93D-47B2-8868-0714D39AB17E}
		{DADF30EF-6CF8-4C54-AC15-171EC5E191F8} = {433C1DC5-A93D-47B2-8868-0714D39AB17E}
		{41C7DA7E-09EB-4902-BA99-18C254EFFCC2} = {433C1DC5-A93D-47B2-8868-0714D39AB17E}
		{FBC2223B-2F2C-4C31-B146-14DFEEDF8641} = {122A7A92-1C38-4C5E-B526-7AD5FBD7F88D}
		{CC791E2B-09E3-40FA-BF51-1A6D2A5B548D} = {870FA397-1B99-4E6A-86C4-D4B2B003B027}
	EndGlobalSection
	GlobalSection(ExtensibilityGlobals) = postSolution
		SolutionGuid = {BE860011-C31B-4DCF-A2FF-06F0A0AD07B3}
	EndGlobalSection
EndGlobal
